Microsoft Visual Studio Solution File, Format Version 12.00
# Visual Studio 2012
Project("{FAE04EC0-301F-11D3-BF4B-00C04F79EFBC}") = "TWeather2024", "TWeather2024.csproj", "{973BF7FD-7F1B-4FB7-A0DD-A444FACE2AAE}"
EndProject
Global
	GlobalSection(SolutionConfigurationPlatforms) = preSolution
	Debug|Any CPU = Debug|Any CPU
	ExportDebug|Any CPU = ExportDebug|Any CPU
	ExportRelease|Any CPU = ExportRelease|Any CPU
	EndGlobalSection
	GlobalSection(ProjectConfigurationPlatforms) = postSolution
		{973BF7FD-7F1B-4FB7-A0DD-A444FACE2AAE}.Debug|Any CPU.ActiveCfg = Debug|Any CPU
		{973BF7FD-7F1B-4FB7-A0DD-A444FACE2AAE}.Debug|Any CPU.Build.0 = Debug|Any CPU
		{973BF7FD-7F1B-4FB7-A0DD-A444FACE2AAE}.ExportDebug|Any CPU.ActiveCfg = ExportDebug|Any CPU
		{973BF7FD-7F1B-4FB7-A0DD-A444FACE2AAE}.ExportDebug|Any CPU.Build.0 = ExportDebug|Any CPU
		{973BF7FD-7F1B-4FB7-A0DD-A444FACE2AAE}.ExportRelease|Any CPU.ActiveCfg = ExportRelease|Any CPU
		{973BF7FD-7F1B-4FB7-A0DD-A444FACE2AAE}.ExportRelease|Any CPU.Build.0 = ExportRelease|Any CPU
	EndGlobalSection
EndGlobal
